
Microsoft Visual Studio Solution File, Format Version 12.00
# Visual Studio Version 17
VisualStudioVersion = 17.5.33424.131
MinimumVisualStudioVersion = 10.0.40219.1
Project("{FAE04EC0-301F-11D3-BF4B-00C04F79EFBC}") = "E-Ticaret", "E-Ticaret\E-Ticaret.csproj", "{EC64EFF9-083F-459F-BED1-99F5800A2ADF}"
EndProject
Project("{FAE04EC0-301F-11D3-BF4B-00C04F79EFBC}") = "E-Ticaret.Entities", "E-Ticaret.Entitiess\E-Ticaret.Entities.csproj", "{F4288546-3B11-406F-AF8B-A25A7DF5C58C}"
EndProject
Project("{FAE04EC0-301F-11D3-BF4B-00C04F79EFBC}") = "E-Ticaret.DataAccessLayer", "E-Ticaret.DataAccessLayer\E-Ticaret.DataAccessLayer.csproj", "{236B9F3E-57B9-4208-8082-95E51857FEAD}"
EndProject
Project("{FAE04EC0-301F-11D3-BF4B-00C04F79EFBC}") = "E-Ticaret.BusinessLogicLayer", "E-Ticaret.BusinessLogicLayer\E-Ticaret.BusinessLogicLayer.csproj", "{11EBFA9A-9D6B-4076-8839-A30338B5A944}"
EndProject
Global
	GlobalSection(SolutionConfigurationPlatforms) = preSolution
		Debug|Any CPU = Debug|Any CPU
		Release|Any CPU = Release|Any CPU
	EndGlobalSection
	GlobalSection(ProjectConfigurationPlatforms) = postSolution
		{EC64EFF9-083F-459F-BED1-99F5800A2ADF}.Debug|Any CPU.ActiveCfg = Debug|Any CPU
		{EC64EFF9-083F-459F-BED1-99F5800A2ADF}.Debug|Any CPU.Build.0 = Debug|Any CPU
		{EC64EFF9-083F-459F-BED1-99F5800A2ADF}.Release|Any CPU.ActiveCfg = Release|Any CPU
		{EC64EFF9-083F-459F-BED1-99F5800A2ADF}.Release|Any CPU.Build.0 = Release|Any CPU
		{F4288546-3B11-406F-AF8B-A25A7DF5C58C}.Debug|Any CPU.ActiveCfg = Debug|Any CPU
		{F4288546-3B11-406F-AF8B-A25A7DF5C58C}.Debug|Any CPU.Build.0 = Debug|Any CPU
		{F4288546-3B11-406F-AF8B-A25A7DF5C58C}.Release|Any CPU.ActiveCfg = Release|Any CPU
		{F4288546-3B11-406F-AF8B-A25A7DF5C58C}.Release|Any CPU.Build.0 = Release|Any CPU
		{236B9F3E-57B9-4208-8082-95E51857FEAD}.Debug|Any CPU.ActiveCfg = Debug|Any CPU
		{236B9F3E-57B9-4208-8082-95E51857FEAD}.Debug|Any CPU.Build.0 = Debug|Any CPU
		{236B9F3E-57B9-4208-8082-95E51857FEAD}.Release|Any CPU.ActiveCfg = Release|Any CPU
		{236B9F3E-57B9-4208-8082-95E51857FEAD}.Release|Any CPU.Build.0 = Release|Any CPU
		{11EBFA9A-9D6B-4076-8839-A30338B5A944}.Debug|Any CPU.ActiveCfg = Debug|Any CPU
		{11EBFA9A-9D6B-4076-8839-A30338B5A944}.Debug|Any CPU.Build.0 = Debug|Any CPU
		{11EBFA9A-9D6B-4076-8839-A30338B5A944}.Release|Any CPU.ActiveCfg = Release|Any CPU
		{11EBFA9A-9D6B-4076-8839-A30338B5A944}.Release|Any CPU.Build.0 = Release|Any CPU
	EndGlobalSection
	GlobalSection(SolutionProperties) = preSolution
		HideSolutionNode = FALSE
	EndGlobalSection
	GlobalSection(ExtensibilityGlobals) = postSolution
		SolutionGuid = {325B1FAE-D260-4F7E-91C1-3AC8418F1300}
	EndGlobalSection
EndGlobal
