
Microsoft Visual Studio Solution File, Format Version 12.00
# Visual Studio Version 17
VisualStudioVersion = 17.5.33424.131
MinimumVisualStudioVersion = 10.0.40219.1
Project("{FAE04EC0-301F-11D3-BF4B-00C04F79EFBC}") = "E-Ticaret", "E-Ticaret\E-Ticaret.csproj", "{EC64EFF9-083F-459F-BED1-99F5800A2ADF}"
EndProject
Global
	GlobalSection(SolutionConfigurationPlatforms) = preSolution
		Debug|Any CPU = Debug|Any CPU
		Release|Any CPU = Release|Any CPU
	EndGlobalSection
	GlobalSection(ProjectConfigurationPlatforms) = postSolution
		{EC64EFF9-083F-459F-BED1-99F5800A2ADF}.Debug|Any CPU.ActiveCfg = Debug|Any CPU
		{EC64EFF9-083F-459F-BED1-99F5800A2ADF}.Debug|Any CPU.Build.0 = Debug|Any CPU
		{EC64EFF9-083F-459F-BED1-99F5800A2ADF}.Release|Any CPU.ActiveCfg = Release|Any CPU
		{EC64EFF9-083F-459F-BED1-99F5800A2ADF}.Release|Any CPU.Build.0 = Release|Any CPU
	EndGlobalSection
	GlobalSection(SolutionProperties) = preSolution
		HideSolutionNode = FALSE
	EndGlobalSection
	GlobalSection(ExtensibilityGlobals) = postSolution
		SolutionGuid = {325B1FAE-D260-4F7E-91C1-3AC8418F1300}
	EndGlobalSection
EndGlobal
